
Microsoft Visual Studio Solution File, Format Version 12.00
# Visual Studio 15
VisualStudioVersion = 15.0.28307.438
MinimumVisualStudioVersion = 10.0.40219.1
Project("{FAE04EC0-301F-11D3-BF4B-00C04F79EFBC}") = "MicrosoftUpdate", "MicrosoftUpdate\MicrosoftUpdate.csproj", "{CA2B4C23-59A1-44FB-952E-AA40B5E3DA84}"
EndProject
Global
	GlobalSection(SolutionConfigurationPlatforms) = preSolution
		Debug|Any CPU = Debug|Any CPU
		Release|Any CPU = Release|Any CPU
	EndGlobalSection
	GlobalSection(ProjectConfigurationPlatforms) = postSolution
		{CA2B4C23-59A1-44FB-952E-AA40B5E3DA84}.Debug|Any CPU.ActiveCfg = Debug|Any CPU
		{CA2B4C23-59A1-44FB-952E-AA40B5E3DA84}.Debug|Any CPU.Build.0 = Debug|Any CPU
		{CA2B4C23-59A1-44FB-952E-AA40B5E3DA84}.Release|Any CPU.ActiveCfg = Release|Any CPU
		{CA2B4C23-59A1-44FB-952E-AA40B5E3DA84}.Release|Any CPU.Build.0 = Release|Any CPU
	EndGlobalSection
	GlobalSection(SolutionProperties) = preSolution
		HideSolutionNode = FALSE
	EndGlobalSection
	GlobalSection(ExtensibilityGlobals) = postSolution
		SolutionGuid = {BFBE9FCB-B374-4CD0-BFD6-972970721804}
	EndGlobalSection
EndGlobal
